// !$*UTF8*$!
{
	archiveVersion = 1;
	classes = {
	};
	objectVersion = 56;
	objects = {

/* Begin PBXBuildFile section */
		B89FAA892BC1990A00EFCC03 /* FarmerStemmerChallengeApp.swift in Sources */ = {isa = PBXBuildFile; fileRef = B89FAA882BC1990A00EFCC03 /* FarmerStemmerChallengeApp.swift */; };
		B89FAA8D2BC1990B00EFCC03 /* Assets.xcassets in Resources */ = {isa = PBXBuildFile; fileRef = B89FAA8C2BC1990B00EFCC03 /* Assets.xcassets */; };
		B89FAA902BC1990B00EFCC03 /* Preview Assets.xcassets in Resources */ = {isa = PBXBuildFile; fileRef = B89FAA8F2BC1990B00EFCC03 /* Preview Assets.xcassets */; };
		B89FAA992BC1994000EFCC03 /* FarmerStemmer in Frameworks */ = {isa = PBXBuildFile; productRef = B89FAA982BC1994000EFCC03 /* FarmerStemmer */; };
		B89FAA9D2BC19AB100EFCC03 /* HomeStemmerView.swift in Sources */ = {isa = PBXBuildFile; fileRef = B89FAA9C2BC19AB100EFCC03 /* HomeStemmerView.swift */; };
		B89FAA9F2BC19ABB00EFCC03 /* HomeStemmerViewModel.swift in Sources */ = {isa = PBXBuildFile; fileRef = B89FAA9E2BC19ABB00EFCC03 /* HomeStemmerViewModel.swift */; };
		B89FAAA22BC19FB700EFCC03 /* StemStorage.swift in Sources */ = {isa = PBXBuildFile; fileRef = B89FAAA12BC19FB700EFCC03 /* StemStorage.swift */; };
		B89FAAA52BC19FFF00EFCC03 /* StemWord.swift in Sources */ = {isa = PBXBuildFile; fileRef = B89FAAA42BC19FFF00EFCC03 /* StemWord.swift */; };
		B8FF41522BC20C7200640229 /* FileManager+Directory.swift in Sources */ = {isa = PBXBuildFile; fileRef = B8FF41512BC20C7200640229 /* FileManager+Directory.swift */; };
		B8FF41562BC2129000640229 /* HomeStemmerRowView.swift in Sources */ = {isa = PBXBuildFile; fileRef = B8FF41552BC2129000640229 /* HomeStemmerRowView.swift */; };
/* End PBXBuildFile section */

/* Begin PBXFileReference section */
		B89FAA852BC1990A00EFCC03 /* FarmerStemmerChallenge.app */ = {isa = PBXFileReference; explicitFileType = wrapper.application; includeInIndex = 0; path = FarmerStemmerChallenge.app; sourceTree = BUILT_PRODUCTS_DIR; };
		B89FAA882BC1990A00EFCC03 /* FarmerStemmerChallengeApp.swift */ = {isa = PBXFileReference; lastKnownFileType = sourcecode.swift; path = FarmerStemmerChallengeApp.swift; sourceTree = "<group>"; };
		B89FAA8C2BC1990B00EFCC03 /* Assets.xcassets */ = {isa = PBXFileReference; lastKnownFileType = folder.assetcatalog; path = Assets.xcassets; sourceTree = "<group>"; };
		B89FAA8F2BC1990B00EFCC03 /* Preview Assets.xcassets */ = {isa = PBXFileReference; lastKnownFileType = folder.assetcatalog; path = "Preview Assets.xcassets"; sourceTree = "<group>"; };
		B89FAA9C2BC19AB100EFCC03 /* HomeStemmerView.swift */ = {isa = PBXFileReference; lastKnownFileType = sourcecode.swift; path = HomeStemmerView.swift; sourceTree = "<group>"; };
		B89FAA9E2BC19ABB00EFCC03 /* HomeStemmerViewModel.swift */ = {isa = PBXFileReference; lastKnownFileType = sourcecode.swift; path = HomeStemmerViewModel.swift; sourceTree = "<group>"; };
		B89FAAA12BC19FB700EFCC03 /* StemStorage.swift */ = {isa = PBXFileReference; lastKnownFileType = sourcecode.swift; path = StemStorage.swift; sourceTree = "<group>"; };
		B89FAAA42BC19FFF00EFCC03 /* StemWord.swift */ = {isa = PBXFileReference; lastKnownFileType = sourcecode.swift; path = StemWord.swift; sourceTree = "<group>"; };
		B89FAAA62BC1BA9A00EFCC03 /* FarmerStemmer */ = {isa = PBXFileReference; lastKnownFileType = wrapper; path = FarmerStemmer; sourceTree = "<group>"; };
		B8FF41512BC20C7200640229 /* FileManager+Directory.swift */ = {isa = PBXFileReference; lastKnownFileType = sourcecode.swift; path = "FileManager+Directory.swift"; sourceTree = "<group>"; };
		B8FF41552BC2129000640229 /* HomeStemmerRowView.swift */ = {isa = PBXFileReference; lastKnownFileType = sourcecode.swift; path = HomeStemmerRowView.swift; sourceTree = "<group>"; };
/* End PBXFileReference section */

/* Begin PBXFrameworksBuildPhase section */
		B89FAA822BC1990A00EFCC03 /* Frameworks */ = {
			isa = PBXFrameworksBuildPhase;
			buildActionMask = 2147483647;
			files = (
				B89FAA992BC1994000EFCC03 /* FarmerStemmer in Frameworks */,
			);
			runOnlyForDeploymentPostprocessing = 0;
		};
/* End PBXFrameworksBuildPhase section */

/* Begin PBXGroup section */
		B89FAA7C2BC1990A00EFCC03 = {
			isa = PBXGroup;
			children = (
				B89FAAA62BC1BA9A00EFCC03 /* FarmerStemmer */,
				B89FAA872BC1990A00EFCC03 /* FarmerStemmerChallenge */,
				B89FAA862BC1990A00EFCC03 /* Products */,
				B89FAA972BC1994000EFCC03 /* Frameworks */,
			);
			sourceTree = "<group>";
		};
		B89FAA862BC1990A00EFCC03 /* Products */ = {
			isa = PBXGroup;
			children = (
				B89FAA852BC1990A00EFCC03 /* FarmerStemmerChallenge.app */,
			);
			name = Products;
			sourceTree = "<group>";
		};
		B89FAA872BC1990A00EFCC03 /* FarmerStemmerChallenge */ = {
			isa = PBXGroup;
			children = (
				B8FF41502BC20C5300640229 /* Extensions */,
				B89FAAA32BC19FDE00EFCC03 /* Model */,
				B89FAAA02BC19F8600EFCC03 /* Storage */,
				B89FAA9B2BC19A7200EFCC03 /* ViewModels */,
				B89FAA9A2BC19A6C00EFCC03 /* Views */,
				B89FAA882BC1990A00EFCC03 /* FarmerStemmerChallengeApp.swift */,
				B89FAA8C2BC1990B00EFCC03 /* Assets.xcassets */,
				B89FAA8E2BC1990B00EFCC03 /* Preview Content */,
			);
			path = FarmerStemmerChallenge;
			sourceTree = "<group>";
		};
		B89FAA8E2BC1990B00EFCC03 /* Preview Content */ = {
			isa = PBXGroup;
			children = (
				B89FAA8F2BC1990B00EFCC03 /* Preview Assets.xcassets */,
			);
			path = "Preview Content";
			sourceTree = "<group>";
		};
		B89FAA972BC1994000EFCC03 /* Frameworks */ = {
			isa = PBXGroup;
			children = (
			);
			name = Frameworks;
			sourceTree = "<group>";
		};
		B89FAA9A2BC19A6C00EFCC03 /* Views */ = {
			isa = PBXGroup;
			children = (
				B89FAA9C2BC19AB100EFCC03 /* HomeStemmerView.swift */,
				B8FF41552BC2129000640229 /* HomeStemmerRowView.swift */,
			);
			path = Views;
			sourceTree = "<group>";
		};
		B89FAA9B2BC19A7200EFCC03 /* ViewModels */ = {
			isa = PBXGroup;
			children = (
				B89FAA9E2BC19ABB00EFCC03 /* HomeStemmerViewModel.swift */,
			);
			path = ViewModels;
			sourceTree = "<group>";
		};
		B89FAAA02BC19F8600EFCC03 /* Storage */ = {
			isa = PBXGroup;
			children = (
				B89FAAA12BC19FB700EFCC03 /* StemStorage.swift */,
			);
			path = Storage;
			sourceTree = "<group>";
		};
		B89FAAA32BC19FDE00EFCC03 /* Model */ = {
			isa = PBXGroup;
			children = (
				B89FAAA42BC19FFF00EFCC03 /* StemWord.swift */,
			);
			path = Model;
			sourceTree = "<group>";
		};
		B8FF41502BC20C5300640229 /* Extensions */ = {
			isa = PBXGroup;
			children = (
				B8FF41512BC20C7200640229 /* FileManager+Directory.swift */,
			);
			path = Extensions;
			sourceTree = "<group>";
		};
/* End PBXGroup section */

/* Begin PBXNativeTarget section */
		B89FAA842BC1990A00EFCC03 /* FarmerStemmerChallenge */ = {
			isa = PBXNativeTarget;
			buildConfigurationList = B89FAA932BC1990B00EFCC03 /* Build configuration list for PBXNativeTarget "FarmerStemmerChallenge" */;
			buildPhases = (
				B89FAA812BC1990A00EFCC03 /* Sources */,
				B89FAA822BC1990A00EFCC03 /* Frameworks */,
				B89FAA832BC1990A00EFCC03 /* Resources */,
			);
			buildRules = (
			);
			dependencies = (
			);
			name = FarmerStemmerChallenge;
			packageProductDependencies = (
				B89FAA982BC1994000EFCC03 /* FarmerStemmer */,
			);
			productName = FarmerStemmerChallenge;
			productReference = B89FAA852BC1990A00EFCC03 /* FarmerStemmerChallenge.app */;
			productType = "com.apple.product-type.application";
		};
/* End PBXNativeTarget section */

/* Begin PBXProject section */
		B89FAA7D2BC1990A00EFCC03 /* Project object */ = {
			isa = PBXProject;
			attributes = {
				BuildIndependentTargetsInParallel = 1;
				LastSwiftUpdateCheck = 1510;
				LastUpgradeCheck = 1510;
				TargetAttributes = {
					B89FAA842BC1990A00EFCC03 = {
						CreatedOnToolsVersion = 15.1;
					};
				};
			};
			buildConfigurationList = B89FAA802BC1990A00EFCC03 /* Build configuration list for PBXProject "FarmerStemmerChallenge" */;
			compatibilityVersion = "Xcode 14.0";
			developmentRegion = en;
			hasScannedForEncodings = 0;
			knownRegions = (
				en,
				Base,
			);
			mainGroup = B89FAA7C2BC1990A00EFCC03;
			productRefGroup = B89FAA862BC1990A00EFCC03 /* Products */;
			projectDirPath = "";
			projectRoot = "";
			targets = (
				B89FAA842BC1990A00EFCC03 /* FarmerStemmerChallenge */,
			);
		};
/* End PBXProject section */

/* Begin PBXResourcesBuildPhase section */
		B89FAA832BC1990A00EFCC03 /* Resources */ = {
			isa = PBXResourcesBuildPhase;
			buildActionMask = 2147483647;
			files = (
				B89FAA902BC1990B00EFCC03 /* Preview Assets.xcassets in Resources */,
				B89FAA8D2BC1990B00EFCC03 /* Assets.xcassets in Resources */,
			);
			runOnlyForDeploymentPostprocessing = 0;
		};
/* End PBXResourcesBuildPhase section */

/* Begin PBXSourcesBuildPhase section */
		B89FAA812BC1990A00EFCC03 /* Sources */ = {
			isa = PBXSourcesBuildPhase;
			buildActionMask = 2147483647;
			files = (
				B89FAAA22BC19FB700EFCC03 /* StemStorage.swift in Sources */,
				B89FAA892BC1990A00EFCC03 /* FarmerStemmerChallengeApp.swift in Sources */,
				B89FAA9D2BC19AB100EFCC03 /* HomeStemmerView.swift in Sources */,
				B89FAA9F2BC19ABB00EFCC03 /* HomeStemmerViewModel.swift in Sources */,
				B89FAAA52BC19FFF00EFCC03 /* StemWord.swift in Sources */,
				B8FF41562BC2129000640229 /* HomeStemmerRowView.swift in Sources */,
				B8FF41522BC20C7200640229 /* FileManager+Directory.swift in Sources */,
			);
			runOnlyForDeploymentPostprocessing = 0;
		};
/* End PBXSourcesBuildPhase section */

/* Begin XCBuildConfiguration section */
		B89FAA912BC1990B00EFCC03 /* Debug */ = {
			isa = XCBuildConfiguration;
			buildSettings = {
				ALWAYS_SEARCH_USER_PATHS = NO;
				ASSETCATALOG_COMPILER_GENERATE_SWIFT_ASSET_SYMBOL_EXTENSIONS = YES;
				CLANG_ANALYZER_NONNULL = YES;
				CLANG_ANALYZER_NUMBER_OBJECT_CONVERSION = YES_AGGRESSIVE;
				CLANG_CXX_LANGUAGE_STANDARD = "gnu++20";
				CLANG_ENABLE_MODULES = YES;
				CLANG_ENABLE_OBJC_ARC = YES;
				CLANG_ENABLE_OBJC_WEAK = YES;
				CLANG_WARN_BLOCK_CAPTURE_AUTORELEASING = YES;
				CLANG_WARN_BOOL_CONVERSION = YES;
				CLANG_WARN_COMMA = YES;
				CLANG_WARN_CONSTANT_CONVERSION = YES;
				CLANG_WARN_DEPRECATED_OBJC_IMPLEMENTATIONS = YES;
				CLANG_WARN_DIRECT_OBJC_ISA_USAGE = YES_ERROR;
				CLANG_WARN_DOCUMENTATION_COMMENTS = YES;
				CLANG_WARN_EMPTY_BODY = YES;
				CLANG_WARN_ENUM_CONVERSION = YES;
				CLANG_WARN_INFINITE_RECURSION = YES;
				CLANG_WARN_INT_CONVERSION = YES;
				CLANG_WARN_NON_LITERAL_NULL_CONVERSION = YES;
				CLANG_WARN_OBJC_IMPLICIT_RETAIN_SELF = YES;
				CLANG_WARN_OBJC_LITERAL_CONVERSION = YES;
				CLANG_WARN_OBJC_ROOT_CLASS = YES_ERROR;
				CLANG_WARN_QUOTED_INCLUDE_IN_FRAMEWORK_HEADER = YES;
				CLANG_WARN_RANGE_LOOP_ANALYSIS = YES;
				CLANG_WARN_STRICT_PROTOTYPES = YES;
				CLANG_WARN_SUSPICIOUS_MOVE = YES;
				CLANG_WARN_UNGUARDED_AVAILABILITY = YES_AGGRESSIVE;
				CLANG_WARN_UNREACHABLE_CODE = YES;
				CLANG_WARN__DUPLICATE_METHOD_MATCH = YES;
				COPY_PHASE_STRIP = NO;
				DEBUG_INFORMATION_FORMAT = dwarf;
				ENABLE_STRICT_OBJC_MSGSEND = YES;
				ENABLE_TESTABILITY = YES;
				ENABLE_USER_SCRIPT_SANDBOXING = YES;
				GCC_C_LANGUAGE_STANDARD = gnu17;
				GCC_DYNAMIC_NO_PIC = NO;
				GCC_NO_COMMON_BLOCKS = YES;
				GCC_OPTIMIZATION_LEVEL = 0;
				GCC_PREPROCESSOR_DEFINITIONS = (
					"DEBUG=1",
					"$(inherited)",
				);
				GCC_WARN_64_TO_32_BIT_CONVERSION = YES;
				GCC_WARN_ABOUT_RETURN_TYPE = YES_ERROR;
				GCC_WARN_UNDECLARED_SELECTOR = YES;
				GCC_WARN_UNINITIALIZED_AUTOS = YES_AGGRESSIVE;
				GCC_WARN_UNUSED_FUNCTION = YES;
				GCC_WARN_UNUSED_VARIABLE = YES;
				IPHONEOS_DEPLOYMENT_TARGET = 17.2;
				LOCALIZATION_PREFERS_STRING_CATALOGS = YES;
				MTL_ENABLE_DEBUG_INFO = INCLUDE_SOURCE;
				MTL_FAST_MATH = YES;
				ONLY_ACTIVE_ARCH = YES;
				SDKROOT = iphoneos;
				SWIFT_ACTIVE_COMPILATION_CONDITIONS = "DEBUG $(inherited)";
				SWIFT_OPTIMIZATION_LEVEL = "-Onone";
			};
			name = Debug;
		};
		B89FAA922BC1990B00EFCC03 /* Release */ = {
			isa = XCBuildConfiguration;
			buildSettings = {
				ALWAYS_SEARCH_USER_PATHS = NO;
				ASSETCATALOG_COMPILER_GENERATE_SWIFT_ASSET_SYMBOL_EXTENSIONS = YES;
				CLANG_ANALYZER_NONNULL = YES;
				CLANG_ANALYZER_NUMBER_OBJECT_CONVERSION = YES_AGGRESSIVE;
				CLANG_CXX_LANGUAGE_STANDARD = "gnu++20";
				CLANG_ENABLE_MODULES = YES;
				CLANG_ENABLE_OBJC_ARC = YES;
				CLANG_ENABLE_OBJC_WEAK = YES;
				CLANG_WARN_BLOCK_CAPTURE_AUTORELEASING = YES;
				CLANG_WARN_BOOL_CONVERSION = YES;
				CLANG_WARN_COMMA = YES;
				CLANG_WARN_CONSTANT_CONVERSION = YES;
				CLANG_WARN_DEPRECATED_OBJC_IMPLEMENTATIONS = YES;
				CLANG_WARN_DIRECT_OBJC_ISA_USAGE = YES_ERROR;
				CLANG_WARN_DOCUMENTATION_COMMENTS = YES;
				CLANG_WARN_EMPTY_BODY = YES;
				CLANG_WARN_ENUM_CONVERSION = YES;
				CLANG_WARN_INFINITE_RECURSION = YES;
				CLANG_WARN_INT_CONVERSION = YES;
				CLANG_WARN_NON_LITERAL_NULL_CONVERSION = YES;
				CLANG_WARN_OBJC_IMPLICIT_RETAIN_SELF = YES;
				CLANG_WARN_OBJC_LITERAL_CONVERSION = YES;
				CLANG_WARN_OBJC_ROOT_CLASS = YES_ERROR;
				CLANG_WARN_QUOTED_INCLUDE_IN_FRAMEWORK_HEADER = YES;
				CLANG_WARN_RANGE_LOOP_ANALYSIS = YES;
				CLANG_WARN_STRICT_PROTOTYPES = YES;
				CLANG_WARN_SUSPICIOUS_MOVE = YES;
				CLANG_WARN_UNGUARDED_AVAILABILITY = YES_AGGRESSIVE;
				CLANG_WARN_UNREACHABLE_CODE = YES;
				CLANG_WARN__DUPLICATE_METHOD_MATCH = YES;
				COPY_PHASE_STRIP = NO;
				DEBUG_INFORMATION_FORMAT = "dwarf-with-dsym";
				ENABLE_NS_ASSERTIONS = NO;
				ENABLE_STRICT_OBJC_MSGSEND = YES;
				ENABLE_USER_SCRIPT_SANDBOXING = YES;
				GCC_C_LANGUAGE_STANDARD = gnu17;
				GCC_NO_COMMON_BLOCKS = YES;
				GCC_WARN_64_TO_32_BIT_CONVERSION = YES;
				GCC_WARN_ABOUT_RETURN_TYPE = YES_ERROR;
				GCC_WARN_UNDECLARED_SELECTOR = YES;
				GCC_WARN_UNINITIALIZED_AUTOS = YES_AGGRESSIVE;
				GCC_WARN_UNUSED_FUNCTION = YES;
				GCC_WARN_UNUSED_VARIABLE = YES;
				IPHONEOS_DEPLOYMENT_TARGET = 17.2;
				LOCALIZATION_PREFERS_STRING_CATALOGS = YES;
				MTL_ENABLE_DEBUG_INFO = NO;
				MTL_FAST_MATH = YES;
				SDKROOT = iphoneos;
				SWIFT_COMPILATION_MODE = wholemodule;
				VALIDATE_PRODUCT = YES;
			};
			name = Release;
		};
		B89FAA942BC1990B00EFCC03 /* Debug */ = {
			isa = XCBuildConfiguration;
			buildSettings = {
				ASSETCATALOG_COMPILER_APPICON_NAME = AppIcon;
				ASSETCATALOG_COMPILER_GLOBAL_ACCENT_COLOR_NAME = AccentColor;
				CODE_SIGN_STYLE = Automatic;
				CURRENT_PROJECT_VERSION = 1;
				DEVELOPMENT_ASSET_PATHS = "\"FarmerStemmerChallenge/Preview Content\"";
				ENABLE_PREVIEWS = YES;
				GENERATE_INFOPLIST_FILE = YES;
				INFOPLIST_KEY_UIApplicationSceneManifest_Generation = YES;
				INFOPLIST_KEY_UIApplicationSupportsIndirectInputEvents = YES;
				INFOPLIST_KEY_UILaunchScreen_Generation = YES;
				INFOPLIST_KEY_UISupportedInterfaceOrientations = UIInterfaceOrientationPortrait;
				IPHONEOS_DEPLOYMENT_TARGET = 17.2;
				LD_RUNPATH_SEARCH_PATHS = (
					"$(inherited)",
					"@executable_path/Frameworks",
				);
				MARKETING_VERSION = 1.0;
				PRODUCT_BUNDLE_IDENTIFIER = hawer.org.FarmerStemmerChallenge;
				PRODUCT_NAME = "$(TARGET_NAME)";
				SUPPORTED_PLATFORMS = "iphoneos iphonesimulator";
				SUPPORTS_MACCATALYST = NO;
				SUPPORTS_MAC_DESIGNED_FOR_IPHONE_IPAD = NO;
				SWIFT_EMIT_LOC_STRINGS = YES;
				SWIFT_VERSION = 5.0;
				TARGETED_DEVICE_FAMILY = 1;
			};
			name = Debug;
		};
		B89FAA952BC1990B00EFCC03 /* Release */ = {
			isa = XCBuildConfiguration;
			buildSettings = {
				ASSETCATALOG_COMPILER_APPICON_NAME = AppIcon;
				ASSETCATALOG_COMPILER_GLOBAL_ACCENT_COLOR_NAME = AccentColor;
				CODE_SIGN_STYLE = Automatic;
				CURRENT_PROJECT_VERSION = 1;
				DEVELOPMENT_ASSET_PATHS = "\"FarmerStemmerChallenge/Preview Content\"";
				ENABLE_PREVIEWS = YES;
				GENERATE_INFOPLIST_FILE = YES;
				INFOPLIST_KEY_UIApplicationSceneManifest_Generation = YES;
				INFOPLIST_KEY_UIApplicationSupportsIndirectInputEvents = YES;
				INFOPLIST_KEY_UILaunchScreen_Generation = YES;
				INFOPLIST_KEY_UISupportedInterfaceOrientations = UIInterfaceOrientationPortrait;
				IPHONEOS_DEPLOYMENT_TARGET = 17.2;
				LD_RUNPATH_SEARCH_PATHS = (
					"$(inherited)",
					"@executable_path/Frameworks",
				);
				MARKETING_VERSION = 1.0;
				PRODUCT_BUNDLE_IDENTIFIER = hawer.org.FarmerStemmerChallenge;
				PRODUCT_NAME = "$(TARGET_NAME)";
				SUPPORTED_PLATFORMS = "iphoneos iphonesimulator";
				SUPPORTS_MACCATALYST = NO;
				SUPPORTS_MAC_DESIGNED_FOR_IPHONE_IPAD = NO;
				SWIFT_EMIT_LOC_STRINGS = YES;
				SWIFT_VERSION = 5.0;
				TARGETED_DEVICE_FAMILY = 1;
			};
			name = Release;
		};
/* End XCBuildConfiguration section */

/* Begin XCConfigurationList section */
		B89FAA802BC1990A00EFCC03 /* Build configuration list for PBXProject "FarmerStemmerChallenge" */ = {
			isa = XCConfigurationList;
			buildConfigurations = (
				B89FAA912BC1990B00EFCC03 /* Debug */,
				B89FAA922BC1990B00EFCC03 /* Release */,
			);
			defaultConfigurationIsVisible = 0;
			defaultConfigurationName = Release;
		};
		B89FAA932BC1990B00EFCC03 /* Build configuration list for PBXNativeTarget "FarmerStemmerChallenge" */ = {
			isa = XCConfigurationList;
			buildConfigurations = (
				B89FAA942BC1990B00EFCC03 /* Debug */,
				B89FAA952BC1990B00EFCC03 /* Release */,
			);
			defaultConfigurationIsVisible = 0;
			defaultConfigurationName = Release;
		};
/* End XCConfigurationList section */

/* Begin XCSwiftPackageProductDependency section */
		B89FAA982BC1994000EFCC03 /* FarmerStemmer */ = {
			isa = XCSwiftPackageProductDependency;
			productName = FarmerStemmer;
		};
/* End XCSwiftPackageProductDependency section */
	};
	rootObject = B89FAA7D2BC1990A00EFCC03 /* Project object */;
}
